# THIS IS AN AUTOGENERATED FILE. DO NOT EDIT THIS FILE DIRECTLY.
# yarn lockfile v1


"@figma/plugin-typings@^1.86.0":
  version "1.86.0"
  resolved "https://registry.npmjs.org/@figma/plugin-typings/-/plugin-typings-1.86.0.tgz"
  integrity sha512-dtdezfZc6h2QLfj1Kd6jrmIdnBrT7Hq7FmLWa9GIuyII8enMjuX1xFidgYehoNWTDdIJOG92zXof1rvROYAgYA==

typescript@*:
  version "4.8.4"
  resolved "https://registry.npmjs.org/typescript/-/typescript-4.8.4.tgz"
  integrity sha512-QCh+85mCy+h0IGff8r5XWzOVSbBO+KfeYrMQh7NJ58QujwcE22u+NUSmUxqF+un70P9GXKxa2HCNiTTMJknyjQ==

yaml@^2.1.3:
  version "2.3.4"
  resolved "https://registry.npmjs.org/yaml/-/yaml-2.3.4.tgz"
  integrity sha512-8aAvwVUSHpfEqTQ4w/KMlf3HcRdt50E5ODIQJBw1fQ5RL34xabzxtUlzTXVqc4rkZsPbvrXKWnABCD7kWSmocA==
